// !$*UTF8*$!
{
	archiveVersion = 1;
	classes = {
	};
	objectVersion = 50;
	objects = {

/* Begin PBXBuildFile section */
		D70F76C722A67D8100004BFC /* AppDelegate.swift in Sources */ = {isa = PBXBuildFile; fileRef = D70F76C622A67D8100004BFC /* AppDelegate.swift */; };
		D70F76C922A67D8100004BFC /* SceneDelegate.swift in Sources */ = {isa = PBXBuildFile; fileRef = D70F76C822A67D8100004BFC /* SceneDelegate.swift */; };
		D70F76CB22A67D8100004BFC /* ContentView.swift in Sources */ = {isa = PBXBuildFile; fileRef = D70F76CA22A67D8100004BFC /* ContentView.swift */; };
		D70F76CD22A67D8200004BFC /* Assets.xcassets in Resources */ = {isa = PBXBuildFile; fileRef = D70F76CC22A67D8200004BFC /* Assets.xcassets */; };
		D70F76D022A67D8200004BFC /* Preview Assets.xcassets in Resources */ = {isa = PBXBuildFile; fileRef = D70F76CF22A67D8200004BFC /* Preview Assets.xcassets */; };
		D70F76D322A67D8200004BFC /* LaunchScreen.storyboard in Resources */ = {isa = PBXBuildFile; fileRef = D70F76D122A67D8200004BFC /* LaunchScreen.storyboard */; };
		D70F76DE22A67D8300004BFC /* SwiftUIPlaygroundTests.swift in Sources */ = {isa = PBXBuildFile; fileRef = D70F76DD22A67D8300004BFC /* SwiftUIPlaygroundTests.swift */; };
		D70F76E922A67D8300004BFC /* SwiftUIPlaygroundUITests.swift in Sources */ = {isa = PBXBuildFile; fileRef = D70F76E822A67D8300004BFC /* SwiftUIPlaygroundUITests.swift */; };
		D70F76F722A6854C00004BFC /* ListSampleView.swift in Sources */ = {isa = PBXBuildFile; fileRef = D70F76F622A6854C00004BFC /* ListSampleView.swift */; };
		D70F76F922A694AF00004BFC /* StackComponentsView.swift in Sources */ = {isa = PBXBuildFile; fileRef = D70F76F822A694AF00004BFC /* StackComponentsView.swift */; };
		D70F76FB22A6980C00004BFC /* CircleImage.swift in Sources */ = {isa = PBXBuildFile; fileRef = D70F76FA22A6980C00004BFC /* CircleImage.swift */; };
		D70F76FD22A698EC00004BFC /* MapView.swift in Sources */ = {isa = PBXBuildFile; fileRef = D70F76FC22A698EC00004BFC /* MapView.swift */; };
		D70F770022A69A2300004BFC /* MapDetailsView.swift in Sources */ = {isa = PBXBuildFile; fileRef = D70F76FF22A69A2300004BFC /* MapDetailsView.swift */; };
/* End PBXBuildFile section */

/* Begin PBXContainerItemProxy section */
		D70F76DA22A67D8300004BFC /* PBXContainerItemProxy */ = {
			isa = PBXContainerItemProxy;
			containerPortal = D70F76BB22A67D8100004BFC /* Project object */;
			proxyType = 1;
			remoteGlobalIDString = D70F76C222A67D8100004BFC;
			remoteInfo = SwiftUIPlayground;
		};
		D70F76E522A67D8300004BFC /* PBXContainerItemProxy */ = {
			isa = PBXContainerItemProxy;
			containerPortal = D70F76BB22A67D8100004BFC /* Project object */;
			proxyType = 1;
			remoteGlobalIDString = D70F76C222A67D8100004BFC;
			remoteInfo = SwiftUIPlayground;
		};
/* End PBXContainerItemProxy section */

/* Begin PBXFileReference section */
		D70F76C322A67D8100004BFC /* SwiftUIPlayground.app */ = {isa = PBXFileReference; explicitFileType = wrapper.application; includeInIndex = 0; path = SwiftUIPlayground.app; sourceTree = BUILT_PRODUCTS_DIR; };
		D70F76C622A67D8100004BFC /* AppDelegate.swift */ = {isa = PBXFileReference; lastKnownFileType = sourcecode.swift; path = AppDelegate.swift; sourceTree = "<group>"; };
		D70F76C822A67D8100004BFC /* SceneDelegate.swift */ = {isa = PBXFileReference; lastKnownFileType = sourcecode.swift; path = SceneDelegate.swift; sourceTree = "<group>"; };
		D70F76CA22A67D8100004BFC /* ContentView.swift */ = {isa = PBXFileReference; lastKnownFileType = sourcecode.swift; path = ContentView.swift; sourceTree = "<group>"; };
		D70F76CC22A67D8200004BFC /* Assets.xcassets */ = {isa = PBXFileReference; lastKnownFileType = folder.assetcatalog; path = Assets.xcassets; sourceTree = "<group>"; };
		D70F76CF22A67D8200004BFC /* Preview Assets.xcassets */ = {isa = PBXFileReference; lastKnownFileType = folder.assetcatalog; path = "Preview Assets.xcassets"; sourceTree = "<group>"; };
		D70F76D222A67D8200004BFC /* Base */ = {isa = PBXFileReference; lastKnownFileType = file.storyboard; name = Base; path = Base.lproj/LaunchScreen.storyboard; sourceTree = "<group>"; };
		D70F76D422A67D8200004BFC /* Info.plist */ = {isa = PBXFileReference; lastKnownFileType = text.plist.xml; path = Info.plist; sourceTree = "<group>"; };
		D70F76D922A67D8300004BFC /* SwiftUIPlaygroundTests.xctest */ = {isa = PBXFileReference; explicitFileType = wrapper.cfbundle; includeInIndex = 0; path = SwiftUIPlaygroundTests.xctest; sourceTree = BUILT_PRODUCTS_DIR; };
		D70F76DD22A67D8300004BFC /* SwiftUIPlaygroundTests.swift */ = {isa = PBXFileReference; lastKnownFileType = sourcecode.swift; path = SwiftUIPlaygroundTests.swift; sourceTree = "<group>"; };
		D70F76DF22A67D8300004BFC /* Info.plist */ = {isa = PBXFileReference; lastKnownFileType = text.plist.xml; path = Info.plist; sourceTree = "<group>"; };
		D70F76E422A67D8300004BFC /* SwiftUIPlaygroundUITests.xctest */ = {isa = PBXFileReference; explicitFileType = wrapper.cfbundle; includeInIndex = 0; path = SwiftUIPlaygroundUITests.xctest; sourceTree = BUILT_PRODUCTS_DIR; };
		D70F76E822A67D8300004BFC /* SwiftUIPlaygroundUITests.swift */ = {isa = PBXFileReference; lastKnownFileType = sourcecode.swift; path = SwiftUIPlaygroundUITests.swift; sourceTree = "<group>"; };
		D70F76EA22A67D8300004BFC /* Info.plist */ = {isa = PBXFileReference; lastKnownFileType = text.plist.xml; path = Info.plist; sourceTree = "<group>"; };
		D70F76F622A6854C00004BFC /* ListSampleView.swift */ = {isa = PBXFileReference; fileEncoding = 4; lastKnownFileType = sourcecode.swift; path = ListSampleView.swift; sourceTree = "<group>"; };
		D70F76F822A694AF00004BFC /* StackComponentsView.swift */ = {isa = PBXFileReference; fileEncoding = 4; lastKnownFileType = sourcecode.swift; path = StackComponentsView.swift; sourceTree = "<group>"; };
		D70F76FA22A6980C00004BFC /* CircleImage.swift */ = {isa = PBXFileReference; lastKnownFileType = sourcecode.swift; path = CircleImage.swift; sourceTree = "<group>"; };
		D70F76FC22A698EC00004BFC /* MapView.swift */ = {isa = PBXFileReference; lastKnownFileType = sourcecode.swift; path = MapView.swift; sourceTree = "<group>"; };
		D70F76FF22A69A2300004BFC /* MapDetailsView.swift */ = {isa = PBXFileReference; lastKnownFileType = sourcecode.swift; path = MapDetailsView.swift; sourceTree = "<group>"; };
/* End PBXFileReference section */

/* Begin PBXFrameworksBuildPhase section */
		D70F76C022A67D8100004BFC /* Frameworks */ = {
			isa = PBXFrameworksBuildPhase;
			buildActionMask = 2147483647;
			files = (
			);
			runOnlyForDeploymentPostprocessing = 0;
		};
		D70F76D622A67D8300004BFC /* Frameworks */ = {
			isa = PBXFrameworksBuildPhase;
			buildActionMask = 2147483647;
			files = (
			);
			runOnlyForDeploymentPostprocessing = 0;
		};
		D70F76E122A67D8300004BFC /* Frameworks */ = {
			isa = PBXFrameworksBuildPhase;
			buildActionMask = 2147483647;
			files = (
			);
			runOnlyForDeploymentPostprocessing = 0;
		};
/* End PBXFrameworksBuildPhase section */

/* Begin PBXGroup section */
		D70F76BA22A67D8100004BFC = {
			isa = PBXGroup;
			children = (
				D70F76C522A67D8100004BFC /* SwiftUIPlayground */,
				D70F76DC22A67D8300004BFC /* SwiftUIPlaygroundTests */,
				D70F76E722A67D8300004BFC /* SwiftUIPlaygroundUITests */,
				D70F76C422A67D8100004BFC /* Products */,
			);
			sourceTree = "<group>";
		};
		D70F76C422A67D8100004BFC /* Products */ = {
			isa = PBXGroup;
			children = (
				D70F76C322A67D8100004BFC /* SwiftUIPlayground.app */,
				D70F76D922A67D8300004BFC /* SwiftUIPlaygroundTests.xctest */,
				D70F76E422A67D8300004BFC /* SwiftUIPlaygroundUITests.xctest */,
			);
			name = Products;
			sourceTree = "<group>";
		};
		D70F76C522A67D8100004BFC /* SwiftUIPlayground */ = {
			isa = PBXGroup;
			children = (
				D70F76FE22A699F000004BFC /* AppleDeveloperTutorials_Map */,
				D70F76C622A67D8100004BFC /* AppDelegate.swift */,
				D70F76C822A67D8100004BFC /* SceneDelegate.swift */,
				D70F76CA22A67D8100004BFC /* ContentView.swift */,
				D70F76CC22A67D8200004BFC /* Assets.xcassets */,
				D70F76D122A67D8200004BFC /* LaunchScreen.storyboard */,
				D70F76D422A67D8200004BFC /* Info.plist */,
				D70F76CE22A67D8200004BFC /* Preview Content */,
			);
			path = SwiftUIPlayground;
			sourceTree = "<group>";
		};
		D70F76CE22A67D8200004BFC /* Preview Content */ = {
			isa = PBXGroup;
			children = (
				D70F76CF22A67D8200004BFC /* Preview Assets.xcassets */,
			);
			path = "Preview Content";
			sourceTree = "<group>";
		};
		D70F76DC22A67D8300004BFC /* SwiftUIPlaygroundTests */ = {
			isa = PBXGroup;
			children = (
				D70F76DD22A67D8300004BFC /* SwiftUIPlaygroundTests.swift */,
				D70F76DF22A67D8300004BFC /* Info.plist */,
			);
			path = SwiftUIPlaygroundTests;
			sourceTree = "<group>";
		};
		D70F76E722A67D8300004BFC /* SwiftUIPlaygroundUITests */ = {
			isa = PBXGroup;
			children = (
				D70F76E822A67D8300004BFC /* SwiftUIPlaygroundUITests.swift */,
				D70F76EA22A67D8300004BFC /* Info.plist */,
			);
			path = SwiftUIPlaygroundUITests;
			sourceTree = "<group>";
		};
		D70F76FE22A699F000004BFC /* AppleDeveloperTutorials_Map */ = {
			isa = PBXGroup;
			children = (
				D70F76F822A694AF00004BFC /* StackComponentsView.swift */,
				D70F76F622A6854C00004BFC /* ListSampleView.swift */,
				D70F76FA22A6980C00004BFC /* CircleImage.swift */,
				D70F76FC22A698EC00004BFC /* MapView.swift */,
				D70F76FF22A69A2300004BFC /* MapDetailsView.swift */,
			);
			path = AppleDeveloperTutorials_Map;
			sourceTree = "<group>";
		};
/* End PBXGroup section */

/* Begin PBXNativeTarget section */
		D70F76C222A67D8100004BFC /* SwiftUIPlayground */ = {
			isa = PBXNativeTarget;
			buildConfigurationList = D70F76ED22A67D8300004BFC /* Build configuration list for PBXNativeTarget "SwiftUIPlayground" */;
			buildPhases = (
				D70F76BF22A67D8100004BFC /* Sources */,
				D70F76C022A67D8100004BFC /* Frameworks */,
				D70F76C122A67D8100004BFC /* Resources */,
			);
			buildRules = (
			);
			dependencies = (
			);
			name = SwiftUIPlayground;
			productName = SwiftUIPlayground;
			productReference = D70F76C322A67D8100004BFC /* SwiftUIPlayground.app */;
			productType = "com.apple.product-type.application";
		};
		D70F76D822A67D8300004BFC /* SwiftUIPlaygroundTests */ = {
			isa = PBXNativeTarget;
			buildConfigurationList = D70F76F022A67D8300004BFC /* Build configuration list for PBXNativeTarget "SwiftUIPlaygroundTests" */;
			buildPhases = (
				D70F76D522A67D8300004BFC /* Sources */,
				D70F76D622A67D8300004BFC /* Frameworks */,
				D70F76D722A67D8300004BFC /* Resources */,
			);
			buildRules = (
			);
			dependencies = (
				D70F76DB22A67D8300004BFC /* PBXTargetDependency */,
			);
			name = SwiftUIPlaygroundTests;
			productName = SwiftUIPlaygroundTests;
			productReference = D70F76D922A67D8300004BFC /* SwiftUIPlaygroundTests.xctest */;
			productType = "com.apple.product-type.bundle.unit-test";
		};
		D70F76E322A67D8300004BFC /* SwiftUIPlaygroundUITests */ = {
			isa = PBXNativeTarget;
			buildConfigurationList = D70F76F322A67D8300004BFC /* Build configuration list for PBXNativeTarget "SwiftUIPlaygroundUITests" */;
			buildPhases = (
				D70F76E022A67D8300004BFC /* Sources */,
				D70F76E122A67D8300004BFC /* Frameworks */,
				D70F76E222A67D8300004BFC /* Resources */,
			);
			buildRules = (
			);
			dependencies = (
				D70F76E622A67D8300004BFC /* PBXTargetDependency */,
			);
			name = SwiftUIPlaygroundUITests;
			productName = SwiftUIPlaygroundUITests;
			productReference = D70F76E422A67D8300004BFC /* SwiftUIPlaygroundUITests.xctest */;
			productType = "com.apple.product-type.bundle.ui-testing";
		};
/* End PBXNativeTarget section */

/* Begin PBXProject section */
		D70F76BB22A67D8100004BFC /* Project object */ = {
			isa = PBXProject;
			attributes = {
				LastSwiftUpdateCheck = 1100;
				LastUpgradeCheck = 1100;
				ORGANIZATIONNAME = "Alex Matuzenko";
				TargetAttributes = {
					D70F76C222A67D8100004BFC = {
						CreatedOnToolsVersion = 11.0;
					};
					D70F76D822A67D8300004BFC = {
						CreatedOnToolsVersion = 11.0;
						TestTargetID = D70F76C222A67D8100004BFC;
					};
					D70F76E322A67D8300004BFC = {
						CreatedOnToolsVersion = 11.0;
						TestTargetID = D70F76C222A67D8100004BFC;
					};
				};
			};
			buildConfigurationList = D70F76BE22A67D8100004BFC /* Build configuration list for PBXProject "SwiftUIPlayground" */;
			compatibilityVersion = "Xcode 9.3";
			developmentRegion = en;
			hasScannedForEncodings = 0;
			knownRegions = (
				en,
				Base,
			);
			mainGroup = D70F76BA22A67D8100004BFC;
			productRefGroup = D70F76C422A67D8100004BFC /* Products */;
			projectDirPath = "";
			projectRoot = "";
			targets = (
				D70F76C222A67D8100004BFC /* SwiftUIPlayground */,
				D70F76D822A67D8300004BFC /* SwiftUIPlaygroundTests */,
				D70F76E322A67D8300004BFC /* SwiftUIPlaygroundUITests */,
			);
		};
/* End PBXProject section */

/* Begin PBXResourcesBuildPhase section */
		D70F76C122A67D8100004BFC /* Resources */ = {
			isa = PBXResourcesBuildPhase;
			buildActionMask = 2147483647;
			files = (
				D70F76D322A67D8200004BFC /* LaunchScreen.storyboard in Resources */,
				D70F76D022A67D8200004BFC /* Preview Assets.xcassets in Resources */,
				D70F76CD22A67D8200004BFC /* Assets.xcassets in Resources */,
			);
			runOnlyForDeploymentPostprocessing = 0;
		};
		D70F76D722A67D8300004BFC /* Resources */ = {
			isa = PBXResourcesBuildPhase;
			buildActionMask = 2147483647;
			files = (
			);
			runOnlyForDeploymentPostprocessing = 0;
		};
		D70F76E222A67D8300004BFC /* Resources */ = {
			isa = PBXResourcesBuildPhase;
			buildActionMask = 2147483647;
			files = (
			);
			runOnlyForDeploymentPostprocessing = 0;
		};
/* End PBXResourcesBuildPhase section */

/* Begin PBXSourcesBuildPhase section */
		D70F76BF22A67D8100004BFC /* Sources */ = {
			isa = PBXSourcesBuildPhase;
			buildActionMask = 2147483647;
			files = (
				D70F76C722A67D8100004BFC /* AppDelegate.swift in Sources */,
				D70F76F922A694AF00004BFC /* StackComponentsView.swift in Sources */,
				D70F76C922A67D8100004BFC /* SceneDelegate.swift in Sources */,
				D70F76F722A6854C00004BFC /* ListSampleView.swift in Sources */,
				D70F76CB22A67D8100004BFC /* ContentView.swift in Sources */,
				D70F76FB22A6980C00004BFC /* CircleImage.swift in Sources */,
				D70F770022A69A2300004BFC /* MapDetailsView.swift in Sources */,
				D70F76FD22A698EC00004BFC /* MapView.swift in Sources */,
			);
			runOnlyForDeploymentPostprocessing = 0;
		};
		D70F76D522A67D8300004BFC /* Sources */ = {
			isa = PBXSourcesBuildPhase;
			buildActionMask = 2147483647;
			files = (
				D70F76DE22A67D8300004BFC /* SwiftUIPlaygroundTests.swift in Sources */,
			);
			runOnlyForDeploymentPostprocessing = 0;
		};
		D70F76E022A67D8300004BFC /* Sources */ = {
			isa = PBXSourcesBuildPhase;
			buildActionMask = 2147483647;
			files = (
				D70F76E922A67D8300004BFC /* SwiftUIPlaygroundUITests.swift in Sources */,
			);
			runOnlyForDeploymentPostprocessing = 0;
		};
/* End PBXSourcesBuildPhase section */

/* Begin PBXTargetDependency section */
		D70F76DB22A67D8300004BFC /* PBXTargetDependency */ = {
			isa = PBXTargetDependency;
			target = D70F76C222A67D8100004BFC /* SwiftUIPlayground */;
			targetProxy = D70F76DA22A67D8300004BFC /* PBXContainerItemProxy */;
		};
		D70F76E622A67D8300004BFC /* PBXTargetDependency */ = {
			isa = PBXTargetDependency;
			target = D70F76C222A67D8100004BFC /* SwiftUIPlayground */;
			targetProxy = D70F76E522A67D8300004BFC /* PBXContainerItemProxy */;
		};
/* End PBXTargetDependency section */

/* Begin PBXVariantGroup section */
		D70F76D122A67D8200004BFC /* LaunchScreen.storyboard */ = {
			isa = PBXVariantGroup;
			children = (
				D70F76D222A67D8200004BFC /* Base */,
			);
			name = LaunchScreen.storyboard;
			sourceTree = "<group>";
		};
/* End PBXVariantGroup section */

/* Begin XCBuildConfiguration section */
		D70F76EB22A67D8300004BFC /* Debug */ = {
			isa = XCBuildConfiguration;
			buildSettings = {
				ALWAYS_SEARCH_USER_PATHS = NO;
				CLANG_ANALYZER_NONNULL = YES;
				CLANG_ANALYZER_NUMBER_OBJECT_CONVERSION = YES_AGGRESSIVE;
				CLANG_CXX_LANGUAGE_STANDARD = "gnu++14";
				CLANG_CXX_LIBRARY = "libc++";
				CLANG_ENABLE_MODULES = YES;
				CLANG_ENABLE_OBJC_ARC = YES;
				CLANG_ENABLE_OBJC_WEAK = YES;
				CLANG_WARN_BLOCK_CAPTURE_AUTORELEASING = YES;
				CLANG_WARN_BOOL_CONVERSION = YES;
				CLANG_WARN_COMMA = YES;
				CLANG_WARN_CONSTANT_CONVERSION = YES;
				CLANG_WARN_DEPRECATED_OBJC_IMPLEMENTATIONS = YES;
				CLANG_WARN_DIRECT_OBJC_ISA_USAGE = YES_ERROR;
				CLANG_WARN_DOCUMENTATION_COMMENTS = YES;
				CLANG_WARN_EMPTY_BODY = YES;
				CLANG_WARN_ENUM_CONVERSION = YES;
				CLANG_WARN_INFINITE_RECURSION = YES;
				CLANG_WARN_INT_CONVERSION = YES;
				CLANG_WARN_NON_LITERAL_NULL_CONVERSION = YES;
				CLANG_WARN_OBJC_IMPLICIT_RETAIN_SELF = YES;
				CLANG_WARN_OBJC_LITERAL_CONVERSION = YES;
				CLANG_WARN_OBJC_ROOT_CLASS = YES_ERROR;
				CLANG_WARN_RANGE_LOOP_ANALYSIS = YES;
				CLANG_WARN_STRICT_PROTOTYPES = YES;
				CLANG_WARN_SUSPICIOUS_MOVE = YES;
				CLANG_WARN_UNGUARDED_AVAILABILITY = YES_AGGRESSIVE;
				CLANG_WARN_UNREACHABLE_CODE = YES;
				CLANG_WARN__DUPLICATE_METHOD_MATCH = YES;
				COPY_PHASE_STRIP = NO;
				DEBUG_INFORMATION_FORMAT = dwarf;
				ENABLE_STRICT_OBJC_MSGSEND = YES;
				ENABLE_TESTABILITY = YES;
				GCC_C_LANGUAGE_STANDARD = gnu11;
				GCC_DYNAMIC_NO_PIC = NO;
				GCC_NO_COMMON_BLOCKS = YES;
				GCC_OPTIMIZATION_LEVEL = 0;
				GCC_PREPROCESSOR_DEFINITIONS = (
					"DEBUG=1",
					"$(inherited)",
				);
				GCC_WARN_64_TO_32_BIT_CONVERSION = YES;
				GCC_WARN_ABOUT_RETURN_TYPE = YES_ERROR;
				GCC_WARN_UNDECLARED_SELECTOR = YES;
				GCC_WARN_UNINITIALIZED_AUTOS = YES_AGGRESSIVE;
				GCC_WARN_UNUSED_FUNCTION = YES;
				GCC_WARN_UNUSED_VARIABLE = YES;
				IPHONEOS_DEPLOYMENT_TARGET = 13.0;
				MTL_ENABLE_DEBUG_INFO = INCLUDE_SOURCE;
				MTL_FAST_MATH = YES;
				ONLY_ACTIVE_ARCH = YES;
				SDKROOT = iphoneos;
				SWIFT_ACTIVE_COMPILATION_CONDITIONS = DEBUG;
				SWIFT_OPTIMIZATION_LEVEL = "-Onone";
			};
			name = Debug;
		};
		D70F76EC22A67D8300004BFC /* Release */ = {
			isa = XCBuildConfiguration;
			buildSettings = {
				ALWAYS_SEARCH_USER_PATHS = NO;
				CLANG_ANALYZER_NONNULL = YES;
				CLANG_ANALYZER_NUMBER_OBJECT_CONVERSION = YES_AGGRESSIVE;
				CLANG_CXX_LANGUAGE_STANDARD = "gnu++14";
				CLANG_CXX_LIBRARY = "libc++";
				CLANG_ENABLE_MODULES = YES;
				CLANG_ENABLE_OBJC_ARC = YES;
				CLANG_ENABLE_OBJC_WEAK = YES;
				CLANG_WARN_BLOCK_CAPTURE_AUTORELEASING = YES;
				CLANG_WARN_BOOL_CONVERSION = YES;
				CLANG_WARN_COMMA = YES;
				CLANG_WARN_CONSTANT_CONVERSION = YES;
				CLANG_WARN_DEPRECATED_OBJC_IMPLEMENTATIONS = YES;
				CLANG_WARN_DIRECT_OBJC_ISA_USAGE = YES_ERROR;
				CLANG_WARN_DOCUMENTATION_COMMENTS = YES;
				CLANG_WARN_EMPTY_BODY = YES;
				CLANG_WARN_ENUM_CONVERSION = YES;
				CLANG_WARN_INFINITE_RECURSION = YES;
				CLANG_WARN_INT_CONVERSION = YES;
				CLANG_WARN_NON_LITERAL_NULL_CONVERSION = YES;
				CLANG_WARN_OBJC_IMPLICIT_RETAIN_SELF = YES;
				CLANG_WARN_OBJC_LITERAL_CONVERSION = YES;
				CLANG_WARN_OBJC_ROOT_CLASS = YES_ERROR;
				CLANG_WARN_RANGE_LOOP_ANALYSIS = YES;
				CLANG_WARN_STRICT_PROTOTYPES = YES;
				CLANG_WARN_SUSPICIOUS_MOVE = YES;
				CLANG_WARN_UNGUARDED_AVAILABILITY = YES_AGGRESSIVE;
				CLANG_WARN_UNREACHABLE_CODE = YES;
				CLANG_WARN__DUPLICATE_METHOD_MATCH = YES;
				COPY_PHASE_STRIP = NO;
				DEBUG_INFORMATION_FORMAT = "dwarf-with-dsym";
				ENABLE_NS_ASSERTIONS = NO;
				ENABLE_STRICT_OBJC_MSGSEND = YES;
				GCC_C_LANGUAGE_STANDARD = gnu11;
				GCC_NO_COMMON_BLOCKS = YES;
				GCC_WARN_64_TO_32_BIT_CONVERSION = YES;
				GCC_WARN_ABOUT_RETURN_TYPE = YES_ERROR;
				GCC_WARN_UNDECLARED_SELECTOR = YES;
				GCC_WARN_UNINITIALIZED_AUTOS = YES_AGGRESSIVE;
				GCC_WARN_UNUSED_FUNCTION = YES;
				GCC_WARN_UNUSED_VARIABLE = YES;
				IPHONEOS_DEPLOYMENT_TARGET = 13.0;
				MTL_ENABLE_DEBUG_INFO = NO;
				MTL_FAST_MATH = YES;
				SDKROOT = iphoneos;
				SWIFT_COMPILATION_MODE = wholemodule;
				SWIFT_OPTIMIZATION_LEVEL = "-O";
				VALIDATE_PRODUCT = YES;
			};
			name = Release;
		};
		D70F76EE22A67D8300004BFC /* Debug */ = {
			isa = XCBuildConfiguration;
			buildSettings = {
				ASSETCATALOG_COMPILER_APPICON_NAME = AppIcon;
				CODE_SIGN_STYLE = Automatic;
				DEVELOPMENT_ASSET_PATHS = "SwiftUIPlayground/Preview\\ Content";
				DEVELOPMENT_TEAM = 4T28U49Q75;
				ENABLE_PREVIEWS = YES;
				INFOPLIST_FILE = SwiftUIPlayground/Info.plist;
				LD_RUNPATH_SEARCH_PATHS = (
					"$(inherited)",
					"@executable_path/Frameworks",
				);
				PRODUCT_BUNDLE_IDENTIFIER = com.alexmatuzenko.swiftui.SwiftUIPlayground;
				PRODUCT_NAME = "$(TARGET_NAME)";
				SWIFT_VERSION = 5.0;
				TARGETED_DEVICE_FAMILY = "1,2";
			};
			name = Debug;
		};
		D70F76EF22A67D8300004BFC /* Release */ = {
			isa = XCBuildConfiguration;
			buildSettings = {
				ASSETCATALOG_COMPILER_APPICON_NAME = AppIcon;
				CODE_SIGN_STYLE = Automatic;
				DEVELOPMENT_ASSET_PATHS = "SwiftUIPlayground/Preview\\ Content";
				DEVELOPMENT_TEAM = 4T28U49Q75;
				ENABLE_PREVIEWS = YES;
				INFOPLIST_FILE = SwiftUIPlayground/Info.plist;
				LD_RUNPATH_SEARCH_PATHS = (
					"$(inherited)",
					"@executable_path/Frameworks",
				);
				PRODUCT_BUNDLE_IDENTIFIER = com.alexmatuzenko.swiftui.SwiftUIPlayground;
				PRODUCT_NAME = "$(TARGET_NAME)";
				SWIFT_VERSION = 5.0;
				TARGETED_DEVICE_FAMILY = "1,2";
			};
			name = Release;
		};
		D70F76F122A67D8300004BFC /* Debug */ = {
			isa = XCBuildConfiguration;
			buildSettings = {
				ALWAYS_EMBED_SWIFT_STANDARD_LIBRARIES = YES;
				BUNDLE_LOADER = "$(TEST_HOST)";
				CODE_SIGN_STYLE = Automatic;
				DEVELOPMENT_TEAM = 4T28U49Q75;
				INFOPLIST_FILE = SwiftUIPlaygroundTests/Info.plist;
				LD_RUNPATH_SEARCH_PATHS = (
					"$(inherited)",
					"@executable_path/Frameworks",
					"@loader_path/Frameworks",
				);
				PRODUCT_BUNDLE_IDENTIFIER = com.alexmatuzenko.swiftui.SwiftUIPlaygroundTests;
				PRODUCT_NAME = "$(TARGET_NAME)";
				SWIFT_VERSION = 5.0;
				TARGETED_DEVICE_FAMILY = "1,2";
				TEST_HOST = "$(BUILT_PRODUCTS_DIR)/SwiftUIPlayground.app/SwiftUIPlayground";
			};
			name = Debug;
		};
		D70F76F222A67D8300004BFC /* Release */ = {
			isa = XCBuildConfiguration;
			buildSettings = {
				ALWAYS_EMBED_SWIFT_STANDARD_LIBRARIES = YES;
				BUNDLE_LOADER = "$(TEST_HOST)";
				CODE_SIGN_STYLE = Automatic;
				DEVELOPMENT_TEAM = 4T28U49Q75;
				INFOPLIST_FILE = SwiftUIPlaygroundTests/Info.plist;
				LD_RUNPATH_SEARCH_PATHS = (
					"$(inherited)",
					"@executable_path/Frameworks",
					"@loader_path/Frameworks",
				);
				PRODUCT_BUNDLE_IDENTIFIER = com.alexmatuzenko.swiftui.SwiftUIPlaygroundTests;
				PRODUCT_NAME = "$(TARGET_NAME)";
				SWIFT_VERSION = 5.0;
				TARGETED_DEVICE_FAMILY = "1,2";
				TEST_HOST = "$(BUILT_PRODUCTS_DIR)/SwiftUIPlayground.app/SwiftUIPlayground";
			};
			name = Release;
		};
		D70F76F422A67D8300004BFC /* Debug */ = {
			isa = XCBuildConfiguration;
			buildSettings = {
				ALWAYS_EMBED_SWIFT_STANDARD_LIBRARIES = YES;
				CODE_SIGN_STYLE = Automatic;
				DEVELOPMENT_TEAM = 4T28U49Q75;
				INFOPLIST_FILE = SwiftUIPlaygroundUITests/Info.plist;
				LD_RUNPATH_SEARCH_PATHS = (
					"$(inherited)",
					"@executable_path/Frameworks",
					"@loader_path/Frameworks",
				);
				PRODUCT_BUNDLE_IDENTIFIER = com.alexmatuzenko.swiftui.SwiftUIPlaygroundUITests;
				PRODUCT_NAME = "$(TARGET_NAME)";
				SWIFT_VERSION = 5.0;
				TARGETED_DEVICE_FAMILY = "1,2";
				TEST_TARGET_NAME = SwiftUIPlayground;
			};
			name = Debug;
		};
		D70F76F522A67D8300004BFC /* Release */ = {
			isa = XCBuildConfiguration;
			buildSettings = {
				ALWAYS_EMBED_SWIFT_STANDARD_LIBRARIES = YES;
				CODE_SIGN_STYLE = Automatic;
				DEVELOPMENT_TEAM = 4T28U49Q75;
				INFOPLIST_FILE = SwiftUIPlaygroundUITests/Info.plist;
				LD_RUNPATH_SEARCH_PATHS = (
					"$(inherited)",
					"@executable_path/Frameworks",
					"@loader_path/Frameworks",
				);
				PRODUCT_BUNDLE_IDENTIFIER = com.alexmatuzenko.swiftui.SwiftUIPlaygroundUITests;
				PRODUCT_NAME = "$(TARGET_NAME)";
				SWIFT_VERSION = 5.0;
				TARGETED_DEVICE_FAMILY = "1,2";
				TEST_TARGET_NAME = SwiftUIPlayground;
			};
			name = Release;
		};
/* End XCBuildConfiguration section */

/* Begin XCConfigurationList section */
		D70F76BE22A67D8100004BFC /* Build configuration list for PBXProject "SwiftUIPlayground" */ = {
			isa = XCConfigurationList;
			buildConfigurations = (
				D70F76EB22A67D8300004BFC /* Debug */,
				D70F76EC22A67D8300004BFC /* Release */,
			);
			defaultConfigurationIsVisible = 0;
			defaultConfigurationName = Release;
		};
		D70F76ED22A67D8300004BFC /* Build configuration list for PBXNativeTarget "SwiftUIPlayground" */ = {
			isa = XCConfigurationList;
			buildConfigurations = (
				D70F76EE22A67D8300004BFC /* Debug */,
				D70F76EF22A67D8300004BFC /* Release */,
			);
			defaultConfigurationIsVisible = 0;
			defaultConfigurationName = Release;
		};
		D70F76F022A67D8300004BFC /* Build configuration list for PBXNativeTarget "SwiftUIPlaygroundTests" */ = {
			isa = XCConfigurationList;
			buildConfigurations = (
				D70F76F122A67D8300004BFC /* Debug */,
				D70F76F222A67D8300004BFC /* Release */,
			);
			defaultConfigurationIsVisible = 0;
			defaultConfigurationName = Release;
		};
		D70F76F322A67D8300004BFC /* Build configuration list for PBXNativeTarget "SwiftUIPlaygroundUITests" */ = {
			isa = XCConfigurationList;
			buildConfigurations = (
				D70F76F422A67D8300004BFC /* Debug */,
				D70F76F522A67D8300004BFC /* Release */,
			);
			defaultConfigurationIsVisible = 0;
			defaultConfigurationName = Release;
		};
/* End XCConfigurationList section */
	};
	rootObject = D70F76BB22A67D8100004BFC /* Project object */;
}
